
Microsoft Visual Studio Solution File, Format Version 12.00
# Visual Studio Version 17
VisualStudioVersion = 17.13.35806.99
MinimumVisualStudioVersion = 10.0.40219.1
Project("{FAE04EC0-301F-11D3-BF4B-00C04F79EFBC}") = "Api.Candidatos", "Api.Candidatos\Api.Candidatos.csproj", "{AE0CE811-D84B-4CE7-8426-38565A4F217B}"
EndProject
Project("{FAE04EC0-301F-11D3-BF4B-00C04F79EFBC}") = "TestCandidates", "TestCandidates\TestCandidates.csproj", "{6A2A4099-A738-4712-802E-71E62CA19187}"
EndProject
Global
	GlobalSection(SolutionConfigurationPlatforms) = preSolution
		Debug|Any CPU = Debug|Any CPU
		Release|Any CPU = Release|Any CPU
	EndGlobalSection
	GlobalSection(ProjectConfigurationPlatforms) = postSolution
		{AE0CE811-D84B-4CE7-8426-38565A4F217B}.Debug|Any CPU.ActiveCfg = Debug|Any CPU
		{AE0CE811-D84B-4CE7-8426-38565A4F217B}.Debug|Any CPU.Build.0 = Debug|Any CPU
		{AE0CE811-D84B-4CE7-8426-38565A4F217B}.Release|Any CPU.ActiveCfg = Release|Any CPU
		{AE0CE811-D84B-4CE7-8426-38565A4F217B}.Release|Any CPU.Build.0 = Release|Any CPU
		{6A2A4099-A738-4712-802E-71E62CA19187}.Debug|Any CPU.ActiveCfg = Debug|Any CPU
		{6A2A4099-A738-4712-802E-71E62CA19187}.Debug|Any CPU.Build.0 = Debug|Any CPU
		{6A2A4099-A738-4712-802E-71E62CA19187}.Release|Any CPU.ActiveCfg = Release|Any CPU
		{6A2A4099-A738-4712-802E-71E62CA19187}.Release|Any CPU.Build.0 = Release|Any CPU
	EndGlobalSection
	GlobalSection(SolutionProperties) = preSolution
		HideSolutionNode = FALSE
	EndGlobalSection
	GlobalSection(ExtensibilityGlobals) = postSolution
		SolutionGuid = {891C484E-C944-439B-B905-34144F319B8B}
	EndGlobalSection
EndGlobal
